// !$*UTF8*$!
{
	archiveVersion = 1;
	classes = {
	};
	objectVersion = 50;
	objects = {

/* Begin PBXBuildFile section */
		062DD5FC21781B130041F9C2 /* NSImage+Extenstion.swift in Sources */ = {isa = PBXBuildFile; fileRef = 062DD5FB21781B130041F9C2 /* NSImage+Extenstion.swift */; };
		062DD5FE21781E620041F9C2 /* EDStarRating.swift in Sources */ = {isa = PBXBuildFile; fileRef = 062DD5FD21781E620041F9C2 /* EDStarRating.swift */; };
		06F4CB4A2177285F00319789 /* AppDelegate.swift in Sources */ = {isa = PBXBuildFile; fileRef = 06F4CB492177285F00319789 /* AppDelegate.swift */; };
		06F4CB4C2177285F00319789 /* ViewController.swift in Sources */ = {isa = PBXBuildFile; fileRef = 06F4CB4B2177285F00319789 /* ViewController.swift */; };
		06F4CB4E2177285F00319789 /* Assets.xcassets in Resources */ = {isa = PBXBuildFile; fileRef = 06F4CB4D2177285F00319789 /* Assets.xcassets */; };
		06F4CB512177285F00319789 /* Main.storyboard in Resources */ = {isa = PBXBuildFile; fileRef = 06F4CB4F2177285F00319789 /* Main.storyboard */; };
		06F4CB5C217729A400319789 /* ScaryBugData.swift in Sources */ = {isa = PBXBuildFile; fileRef = 06F4CB5B217729A400319789 /* ScaryBugData.swift */; };
		06F4CB5E21772A2A00319789 /* ScaryBugsDoc.swift in Sources */ = {isa = PBXBuildFile; fileRef = 06F4CB5D21772A2A00319789 /* ScaryBugsDoc.swift */; };
/* End PBXBuildFile section */

/* Begin PBXFileReference section */
		062DD5FB21781B130041F9C2 /* NSImage+Extenstion.swift */ = {isa = PBXFileReference; lastKnownFileType = sourcecode.swift; path = "NSImage+Extenstion.swift"; sourceTree = "<group>"; };
		062DD5FD21781E620041F9C2 /* EDStarRating.swift */ = {isa = PBXFileReference; lastKnownFileType = sourcecode.swift; path = EDStarRating.swift; sourceTree = "<group>"; };
		06F4CB462177285F00319789 /* MacAppDev01.app */ = {isa = PBXFileReference; explicitFileType = wrapper.application; includeInIndex = 0; path = MacAppDev01.app; sourceTree = BUILT_PRODUCTS_DIR; };
		06F4CB492177285F00319789 /* AppDelegate.swift */ = {isa = PBXFileReference; lastKnownFileType = sourcecode.swift; path = AppDelegate.swift; sourceTree = "<group>"; };
		06F4CB4B2177285F00319789 /* ViewController.swift */ = {isa = PBXFileReference; lastKnownFileType = sourcecode.swift; path = ViewController.swift; sourceTree = "<group>"; };
		06F4CB4D2177285F00319789 /* Assets.xcassets */ = {isa = PBXFileReference; lastKnownFileType = folder.assetcatalog; path = Assets.xcassets; sourceTree = "<group>"; };
		06F4CB502177285F00319789 /* Base */ = {isa = PBXFileReference; lastKnownFileType = file.storyboard; name = Base; path = Base.lproj/Main.storyboard; sourceTree = "<group>"; };
		06F4CB522177285F00319789 /* Info.plist */ = {isa = PBXFileReference; lastKnownFileType = text.plist.xml; path = Info.plist; sourceTree = "<group>"; };
		06F4CB532177285F00319789 /* MacAppDev01.entitlements */ = {isa = PBXFileReference; lastKnownFileType = text.plist.entitlements; path = MacAppDev01.entitlements; sourceTree = "<group>"; };
		06F4CB5B217729A400319789 /* ScaryBugData.swift */ = {isa = PBXFileReference; lastKnownFileType = sourcecode.swift; path = ScaryBugData.swift; sourceTree = "<group>"; };
		06F4CB5D21772A2A00319789 /* ScaryBugsDoc.swift */ = {isa = PBXFileReference; lastKnownFileType = sourcecode.swift; path = ScaryBugsDoc.swift; sourceTree = "<group>"; };
/* End PBXFileReference section */

/* Begin PBXFrameworksBuildPhase section */
		06F4CB432177285F00319789 /* Frameworks */ = {
			isa = PBXFrameworksBuildPhase;
			buildActionMask = 2147483647;
			files = (
			);
			runOnlyForDeploymentPostprocessing = 0;
		};
/* End PBXFrameworksBuildPhase section */

/* Begin PBXGroup section */
		062DD5F821781A780041F9C2 /* Helpers */ = {
			isa = PBXGroup;
			children = (
				062DD5FB21781B130041F9C2 /* NSImage+Extenstion.swift */,
			);
			path = Helpers;
			sourceTree = "<group>";
		};
		062DD5F921781AAD0041F9C2 /* Views */ = {
			isa = PBXGroup;
			children = (
				062DD5FD21781E620041F9C2 /* EDStarRating.swift */,
			);
			path = Views;
			sourceTree = "<group>";
		};
		06F4CB3D2177285F00319789 = {
			isa = PBXGroup;
			children = (
				06F4CB482177285F00319789 /* MacAppDev01 */,
				06F4CB472177285F00319789 /* Products */,
			);
			sourceTree = "<group>";
		};
		06F4CB472177285F00319789 /* Products */ = {
			isa = PBXGroup;
			children = (
				06F4CB462177285F00319789 /* MacAppDev01.app */,
			);
			name = Products;
			sourceTree = "<group>";
		};
		06F4CB482177285F00319789 /* MacAppDev01 */ = {
			isa = PBXGroup;
			children = (
				062DD5F921781AAD0041F9C2 /* Views */,
				062DD5F821781A780041F9C2 /* Helpers */,
				06F4CB5A2177298D00319789 /* Model */,
				06F4CB592177297900319789 /* GUI */,
				06F4CB4D2177285F00319789 /* Assets.xcassets */,
				06F4CB522177285F00319789 /* Info.plist */,
				06F4CB532177285F00319789 /* MacAppDev01.entitlements */,
			);
			path = MacAppDev01;
			sourceTree = "<group>";
		};
		06F4CB592177297900319789 /* GUI */ = {
			isa = PBXGroup;
			children = (
				06F4CB492177285F00319789 /* AppDelegate.swift */,
				06F4CB4B2177285F00319789 /* ViewController.swift */,
				06F4CB4F2177285F00319789 /* Main.storyboard */,
			);
			path = GUI;
			sourceTree = "<group>";
		};
		06F4CB5A2177298D00319789 /* Model */ = {
			isa = PBXGroup;
			children = (
				06F4CB5B217729A400319789 /* ScaryBugData.swift */,
				06F4CB5D21772A2A00319789 /* ScaryBugsDoc.swift */,
			);
			path = Model;
			sourceTree = "<group>";
		};
/* End PBXGroup section */

/* Begin PBXNativeTarget section */
		06F4CB452177285F00319789 /* MacAppDev01 */ = {
			isa = PBXNativeTarget;
			buildConfigurationList = 06F4CB562177285F00319789 /* Build configuration list for PBXNativeTarget "MacAppDev01" */;
			buildPhases = (
				06F4CB422177285F00319789 /* Sources */,
				06F4CB432177285F00319789 /* Frameworks */,
				06F4CB442177285F00319789 /* Resources */,
			);
			buildRules = (
			);
			dependencies = (
			);
			name = MacAppDev01;
			productName = MacAppDev01;
			productReference = 06F4CB462177285F00319789 /* MacAppDev01.app */;
			productType = "com.apple.product-type.application";
		};
/* End PBXNativeTarget section */

/* Begin PBXProject section */
		06F4CB3E2177285F00319789 /* Project object */ = {
			isa = PBXProject;
			attributes = {
				LastSwiftUpdateCheck = 1000;
				LastUpgradeCheck = 1000;
				ORGANIZATIONNAME = comyn;
				TargetAttributes = {
					06F4CB452177285F00319789 = {
						CreatedOnToolsVersion = 10.0;
					};
				};
			};
			buildConfigurationList = 06F4CB412177285F00319789 /* Build configuration list for PBXProject "MacAppDev01" */;
			compatibilityVersion = "Xcode 9.3";
			developmentRegion = en;
			hasScannedForEncodings = 0;
			knownRegions = (
				en,
				Base,
			);
			mainGroup = 06F4CB3D2177285F00319789;
			productRefGroup = 06F4CB472177285F00319789 /* Products */;
			projectDirPath = "";
			projectRoot = "";
			targets = (
				06F4CB452177285F00319789 /* MacAppDev01 */,
			);
		};
/* End PBXProject section */

/* Begin PBXResourcesBuildPhase section */
		06F4CB442177285F00319789 /* Resources */ = {
			isa = PBXResourcesBuildPhase;
			buildActionMask = 2147483647;
			files = (
				06F4CB4E2177285F00319789 /* Assets.xcassets in Resources */,
				06F4CB512177285F00319789 /* Main.storyboard in Resources */,
			);
			runOnlyForDeploymentPostprocessing = 0;
		};
/* End PBXResourcesBuildPhase section */

/* Begin PBXSourcesBuildPhase section */
		06F4CB422177285F00319789 /* Sources */ = {
			isa = PBXSourcesBuildPhase;
			buildActionMask = 2147483647;
			files = (
				062DD5FC21781B130041F9C2 /* NSImage+Extenstion.swift in Sources */,
				06F4CB5C217729A400319789 /* ScaryBugData.swift in Sources */,
				06F4CB4C2177285F00319789 /* ViewController.swift in Sources */,
				062DD5FE21781E620041F9C2 /* EDStarRating.swift in Sources */,
				06F4CB5E21772A2A00319789 /* ScaryBugsDoc.swift in Sources */,
				06F4CB4A2177285F00319789 /* AppDelegate.swift in Sources */,
			);
			runOnlyForDeploymentPostprocessing = 0;
		};
/* End PBXSourcesBuildPhase section */

/* Begin PBXVariantGroup section */
		06F4CB4F2177285F00319789 /* Main.storyboard */ = {
			isa = PBXVariantGroup;
			children = (
				06F4CB502177285F00319789 /* Base */,
			);
			name = Main.storyboard;
			sourceTree = "<group>";
		};
/* End PBXVariantGroup section */

/* Begin XCBuildConfiguration section */
		06F4CB542177285F00319789 /* Debug */ = {
			isa = XCBuildConfiguration;
			buildSettings = {
				ALWAYS_SEARCH_USER_PATHS = NO;
				CLANG_ANALYZER_NONNULL = YES;
				CLANG_ANALYZER_NUMBER_OBJECT_CONVERSION = YES_AGGRESSIVE;
				CLANG_CXX_LANGUAGE_STANDARD = "gnu++14";
				CLANG_CXX_LIBRARY = "libc++";
				CLANG_ENABLE_MODULES = YES;
				CLANG_ENABLE_OBJC_ARC = YES;
				CLANG_ENABLE_OBJC_WEAK = YES;
				CLANG_WARN_BLOCK_CAPTURE_AUTORELEASING = YES;
				CLANG_WARN_BOOL_CONVERSION = YES;
				CLANG_WARN_COMMA = YES;
				CLANG_WARN_CONSTANT_CONVERSION = YES;
				CLANG_WARN_DEPRECATED_OBJC_IMPLEMENTATIONS = YES;
				CLANG_WARN_DIRECT_OBJC_ISA_USAGE = YES_ERROR;
				CLANG_WARN_DOCUMENTATION_COMMENTS = YES;
				CLANG_WARN_EMPTY_BODY = YES;
				CLANG_WARN_ENUM_CONVERSION = YES;
				CLANG_WARN_INFINITE_RECURSION = YES;
				CLANG_WARN_INT_CONVERSION = YES;
				CLANG_WARN_NON_LITERAL_NULL_CONVERSION = YES;
				CLANG_WARN_OBJC_IMPLICIT_RETAIN_SELF = YES;
				CLANG_WARN_OBJC_LITERAL_CONVERSION = YES;
				CLANG_WARN_OBJC_ROOT_CLASS = YES_ERROR;
				CLANG_WARN_RANGE_LOOP_ANALYSIS = YES;
				CLANG_WARN_STRICT_PROTOTYPES = YES;
				CLANG_WARN_SUSPICIOUS_MOVE = YES;
				CLANG_WARN_UNGUARDED_AVAILABILITY = YES_AGGRESSIVE;
				CLANG_WARN_UNREACHABLE_CODE = YES;
				CLANG_WARN__DUPLICATE_METHOD_MATCH = YES;
				CODE_SIGN_IDENTITY = "-";
				COPY_PHASE_STRIP = NO;
				DEBUG_INFORMATION_FORMAT = dwarf;
				ENABLE_STRICT_OBJC_MSGSEND = YES;
				ENABLE_TESTABILITY = YES;
				GCC_C_LANGUAGE_STANDARD = gnu11;
				GCC_DYNAMIC_NO_PIC = NO;
				GCC_NO_COMMON_BLOCKS = YES;
				GCC_OPTIMIZATION_LEVEL = 0;
				GCC_PREPROCESSOR_DEFINITIONS = (
					"DEBUG=1",
					"$(inherited)",
				);
				GCC_WARN_64_TO_32_BIT_CONVERSION = YES;
				GCC_WARN_ABOUT_RETURN_TYPE = YES_ERROR;
				GCC_WARN_UNDECLARED_SELECTOR = YES;
				GCC_WARN_UNINITIALIZED_AUTOS = YES_AGGRESSIVE;
				GCC_WARN_UNUSED_FUNCTION = YES;
				GCC_WARN_UNUSED_VARIABLE = YES;
				MACOSX_DEPLOYMENT_TARGET = 10.11;
				MTL_ENABLE_DEBUG_INFO = INCLUDE_SOURCE;
				MTL_FAST_MATH = YES;
				ONLY_ACTIVE_ARCH = YES;
				SDKROOT = macosx;
				SWIFT_ACTIVE_COMPILATION_CONDITIONS = DEBUG;
				SWIFT_OPTIMIZATION_LEVEL = "-Onone";
			};
			name = Debug;
		};
		06F4CB552177285F00319789 /* Release */ = {
			isa = XCBuildConfiguration;
			buildSettings = {
				ALWAYS_SEARCH_USER_PATHS = NO;
				CLANG_ANALYZER_NONNULL = YES;
				CLANG_ANALYZER_NUMBER_OBJECT_CONVERSION = YES_AGGRESSIVE;
				CLANG_CXX_LANGUAGE_STANDARD = "gnu++14";
				CLANG_CXX_LIBRARY = "libc++";
				CLANG_ENABLE_MODULES = YES;
				CLANG_ENABLE_OBJC_ARC = YES;
				CLANG_ENABLE_OBJC_WEAK = YES;
				CLANG_WARN_BLOCK_CAPTURE_AUTORELEASING = YES;
				CLANG_WARN_BOOL_CONVERSION = YES;
				CLANG_WARN_COMMA = YES;
				CLANG_WARN_CONSTANT_CONVERSION = YES;
				CLANG_WARN_DEPRECATED_OBJC_IMPLEMENTATIONS = YES;
				CLANG_WARN_DIRECT_OBJC_ISA_USAGE = YES_ERROR;
				CLANG_WARN_DOCUMENTATION_COMMENTS = YES;
				CLANG_WARN_EMPTY_BODY = YES;
				CLANG_WARN_ENUM_CONVERSION = YES;
				CLANG_WARN_INFINITE_RECURSION = YES;
				CLANG_WARN_INT_CONVERSION = YES;
				CLANG_WARN_NON_LITERAL_NULL_CONVERSION = YES;
				CLANG_WARN_OBJC_IMPLICIT_RETAIN_SELF = YES;
				CLANG_WARN_OBJC_LITERAL_CONVERSION = YES;
				CLANG_WARN_OBJC_ROOT_CLASS = YES_ERROR;
				CLANG_WARN_RANGE_LOOP_ANALYSIS = YES;
				CLANG_WARN_STRICT_PROTOTYPES = YES;
				CLANG_WARN_SUSPICIOUS_MOVE = YES;
				CLANG_WARN_UNGUARDED_AVAILABILITY = YES_AGGRESSIVE;
				CLANG_WARN_UNREACHABLE_CODE = YES;
				CLANG_WARN__DUPLICATE_METHOD_MATCH = YES;
				CODE_SIGN_IDENTITY = "-";
				COPY_PHASE_STRIP = NO;
				DEBUG_INFORMATION_FORMAT = "dwarf-with-dsym";
				ENABLE_NS_ASSERTIONS = NO;
				ENABLE_STRICT_OBJC_MSGSEND = YES;
				GCC_C_LANGUAGE_STANDARD = gnu11;
				GCC_NO_COMMON_BLOCKS = YES;
				GCC_WARN_64_TO_32_BIT_CONVERSION = YES;
				GCC_WARN_ABOUT_RETURN_TYPE = YES_ERROR;
				GCC_WARN_UNDECLARED_SELECTOR = YES;
				GCC_WARN_UNINITIALIZED_AUTOS = YES_AGGRESSIVE;
				GCC_WARN_UNUSED_FUNCTION = YES;
				GCC_WARN_UNUSED_VARIABLE = YES;
				MACOSX_DEPLOYMENT_TARGET = 10.11;
				MTL_ENABLE_DEBUG_INFO = NO;
				MTL_FAST_MATH = YES;
				SDKROOT = macosx;
				SWIFT_COMPILATION_MODE = wholemodule;
				SWIFT_OPTIMIZATION_LEVEL = "-O";
			};
			name = Release;
		};
		06F4CB572177285F00319789 /* Debug */ = {
			isa = XCBuildConfiguration;
			buildSettings = {
				ASSETCATALOG_COMPILER_APPICON_NAME = AppIcon;
				CODE_SIGN_ENTITLEMENTS = MacAppDev01/MacAppDev01.entitlements;
				CODE_SIGN_STYLE = Automatic;
				COMBINE_HIDPI_IMAGES = YES;
				INFOPLIST_FILE = MacAppDev01/Info.plist;
				LD_RUNPATH_SEARCH_PATHS = (
					"$(inherited)",
					"@executable_path/../Frameworks",
				);
				MACOSX_DEPLOYMENT_TARGET = 10.11;
				PRODUCT_BUNDLE_IDENTIFIER = com.comyn.MacAppDev01;
				PRODUCT_NAME = "$(TARGET_NAME)";
				SWIFT_VERSION = 4.2;
			};
			name = Debug;
		};
		06F4CB582177285F00319789 /* Release */ = {
			isa = XCBuildConfiguration;
			buildSettings = {
				ASSETCATALOG_COMPILER_APPICON_NAME = AppIcon;
				CODE_SIGN_ENTITLEMENTS = MacAppDev01/MacAppDev01.entitlements;
				CODE_SIGN_STYLE = Automatic;
				COMBINE_HIDPI_IMAGES = YES;
				INFOPLIST_FILE = MacAppDev01/Info.plist;
				LD_RUNPATH_SEARCH_PATHS = (
					"$(inherited)",
					"@executable_path/../Frameworks",
				);
				MACOSX_DEPLOYMENT_TARGET = 10.11;
				PRODUCT_BUNDLE_IDENTIFIER = com.comyn.MacAppDev01;
				PRODUCT_NAME = "$(TARGET_NAME)";
				SWIFT_VERSION = 4.2;
			};
			name = Release;
		};
/* End XCBuildConfiguration section */

/* Begin XCConfigurationList section */
		06F4CB412177285F00319789 /* Build configuration list for PBXProject "MacAppDev01" */ = {
			isa = XCConfigurationList;
			buildConfigurations = (
				06F4CB542177285F00319789 /* Debug */,
				06F4CB552177285F00319789 /* Release */,
			);
			defaultConfigurationIsVisible = 0;
			defaultConfigurationName = Release;
		};
		06F4CB562177285F00319789 /* Build configuration list for PBXNativeTarget "MacAppDev01" */ = {
			isa = XCConfigurationList;
			buildConfigurations = (
				06F4CB572177285F00319789 /* Debug */,
				06F4CB582177285F00319789 /* Release */,
			);
			defaultConfigurationIsVisible = 0;
			defaultConfigurationName = Release;
		};
/* End XCConfigurationList section */
	};
	rootObject = 06F4CB3E2177285F00319789 /* Project object */;
}
